# This is a Gradle generated file for dependency locking.
# Manual edits can break the build and are not advised.
# This file is expected to be part of source control.
# To regenerate this file, run: ./gradlew dependencies --write-locks
com.google.code.gson:gson:2.11.0=classpath
com.google.errorprone:error_prone_annotations:2.27.0=classpath
com.squareup.moshi:moshi-kotlin:1.15.2=classpath
com.squareup.moshi:moshi:1.15.2=classpath
com.squareup.okio:okio-jvm:3.7.0=classpath
com.squareup.okio:okio:3.7.0=classpath
io.github.ben-manes.versions:io.github.ben-manes.versions.gradle.plugin:0.64.0=classpath
io.github.ben-manes:gradle-versions-plugin:0.64.0=classpath
org.jetbrains.kotlin.jvm:org.jetbrains.kotlin.jvm.gradle.plugin:2.4.20=classpath
org.jetbrains.kotlin.kapt:org.jetbrains.kotlin.kapt.gradle.plugin:2.4.20=classpath
org.jetbrains.kotlin.plugin.spring:org.jetbrains.kotlin.plugin.spring.gradle.plugin:2.4.20=classpath
org.jetbrains.kotlin:fus-statistics-gradle-plugin:2.4.20=classpath
org.jetbrains.kotlin:kotlin-allopen:2.4.20=classpath
org.jetbrains.kotlin:kotlin-build-statistics:2.4.20=classpath
org.jetbrains.kotlin:kotlin-build-tools-api:2.4.20=classpath
org.jetbrains.kotlin:kotlin-compiler-runner:2.4.20=classpath
org.jetbrains.kotlin:kotlin-daemon-client:2.4.20=classpath
org.jetbrains.kotlin:kotlin-gradle-plugin-annotations:2.4.20=classpath
org.jetbrains.kotlin:kotlin-gradle-plugin-api:2.4.20=classpath
org.jetbrains.kotlin:kotlin-gradle-plugin-idea-proto:2.4.20=classpath
org.jetbrains.kotlin:kotlin-gradle-plugin-idea:2.4.20=classpath
org.jetbrains.kotlin:kotlin-gradle-plugin:2.4.20=classpath
org.jetbrains.kotlin:kotlin-gradle-plugins-bom:2.4.20=classpath
org.jetbrains.kotlin:kotlin-klib-commonizer-api:2.4.20=classpath
org.jetbrains.kotlin:kotlin-native-utils:2.4.20=classpath
org.jetbrains.kotlin:kotlin-reflect:1.8.21=classpath
org.jetbrains.kotlin:kotlin-stdlib-jdk7:1.8.21=classpath
org.jetbrains.kotlin:kotlin-stdlib-jdk8:1.8.21=classpath
org.jetbrains.kotlin:kotlin-stdlib:1.9.21=classpath
org.jetbrains.kotlin:kotlin-tooling-core:2.4.20=classpath
org.jetbrains.kotlin:kotlin-util-io:2.4.20=classpath
org.jetbrains.kotlin:kotlin-util-klib-metadata:2.4.20=classpath
org.jetbrains.kotlin:kotlin-util-klib:2.4.20=classpath
org.jetbrains.kotlinx:kotlinx-coroutines-core-jvm:1.8.0=classpath
org.jetbrains:annotations:13.0=classpath
org.sonarqube:org.sonarqube.gradle.plugin:7.5.0.8588=classpath
org.sonarsource.scanner.gradle:sonarqube-gradle-plugin:7.5.0.8588=classpath
org.sonarsource.scanner.lib:sonar-scanner-java-library-shaded:4.2.1.1698=classpath
empty=
